// !$*UTF8*$!
{
	archiveVersion = 1;
	classes = {
	};
	objectVersion = 56;
	objects = {

/* Begin PBXBuildFile section */
		D8599A8C2C3AA0EB00C9E017 /* HeaderView.swift in Sources */ = {isa = PBXBuildFile; fileRef = D8599A8B2C3AA0EB00C9E017 /* HeaderView.swift */; };
		D8599A902C3AB4C900C9E017 /* HomeView.swift in Sources */ = {isa = PBXBuildFile; fileRef = D8599A8F2C3AB4C900C9E017 /* HomeView.swift */; };
		D8599A922C3AB58B00C9E017 /* HomeTileView.swift in Sources */ = {isa = PBXBuildFile; fileRef = D8599A912C3AB58B00C9E017 /* HomeTileView.swift */; };
		D85E09A62C3A8FCB0075759E /* psychbase_patientappApp.swift in Sources */ = {isa = PBXBuildFile; fileRef = D85E09A52C3A8FCB0075759E /* psychbase_patientappApp.swift */; };
		D85E09A82C3A8FCB0075759E /* ContentView.swift in Sources */ = {isa = PBXBuildFile; fileRef = D85E09A72C3A8FCB0075759E /* ContentView.swift */; };
		D85E09AA2C3A8FCD0075759E /* Assets.xcassets in Resources */ = {isa = PBXBuildFile; fileRef = D85E09A92C3A8FCD0075759E /* Assets.xcassets */; };
		D85E09AD2C3A8FCD0075759E /* Preview Assets.xcassets in Resources */ = {isa = PBXBuildFile; fileRef = D85E09AC2C3A8FCD0075759E /* Preview Assets.xcassets */; };
		D85E09B72C3A8FCD0075759E /* psychbase_patientappTests.swift in Sources */ = {isa = PBXBuildFile; fileRef = D85E09B62C3A8FCD0075759E /* psychbase_patientappTests.swift */; };
		D85E09C12C3A8FCD0075759E /* psychbase_patientappUITests.swift in Sources */ = {isa = PBXBuildFile; fileRef = D85E09C02C3A8FCD0075759E /* psychbase_patientappUITests.swift */; };
		D85E09C32C3A8FCD0075759E /* psychbase_patientappUITestsLaunchTests.swift in Sources */ = {isa = PBXBuildFile; fileRef = D85E09C22C3A8FCD0075759E /* psychbase_patientappUITestsLaunchTests.swift */; };
		D8E65B7B2C3FB37E00942DCE /* ExerciseView.swift in Sources */ = {isa = PBXBuildFile; fileRef = D8E65B7A2C3FB37E00942DCE /* ExerciseView.swift */; };
/* End PBXBuildFile section */

/* Begin PBXContainerItemProxy section */
		D85E09B32C3A8FCD0075759E /* PBXContainerItemProxy */ = {
			isa = PBXContainerItemProxy;
			containerPortal = D85E099A2C3A8FCB0075759E /* Project object */;
			proxyType = 1;
			remoteGlobalIDString = D85E09A12C3A8FCB0075759E;
			remoteInfo = "psychbase-patientapp";
		};
		D85E09BD2C3A8FCD0075759E /* PBXContainerItemProxy */ = {
			isa = PBXContainerItemProxy;
			containerPortal = D85E099A2C3A8FCB0075759E /* Project object */;
			proxyType = 1;
			remoteGlobalIDString = D85E09A12C3A8FCB0075759E;
			remoteInfo = "psychbase-patientapp";
		};
/* End PBXContainerItemProxy section */

/* Begin PBXFileReference section */
		D8599A8B2C3AA0EB00C9E017 /* HeaderView.swift */ = {isa = PBXFileReference; lastKnownFileType = sourcecode.swift; path = HeaderView.swift; sourceTree = "<group>"; };
		D8599A8F2C3AB4C900C9E017 /* HomeView.swift */ = {isa = PBXFileReference; lastKnownFileType = sourcecode.swift; path = HomeView.swift; sourceTree = "<group>"; };
		D8599A912C3AB58B00C9E017 /* HomeTileView.swift */ = {isa = PBXFileReference; lastKnownFileType = sourcecode.swift; path = HomeTileView.swift; sourceTree = "<group>"; };
		D85E09A22C3A8FCB0075759E /* psychbase-patientapp.app */ = {isa = PBXFileReference; explicitFileType = wrapper.application; includeInIndex = 0; path = "psychbase-patientapp.app"; sourceTree = BUILT_PRODUCTS_DIR; };
		D85E09A52C3A8FCB0075759E /* psychbase_patientappApp.swift */ = {isa = PBXFileReference; lastKnownFileType = sourcecode.swift; path = psychbase_patientappApp.swift; sourceTree = "<group>"; };
		D85E09A72C3A8FCB0075759E /* ContentView.swift */ = {isa = PBXFileReference; lastKnownFileType = sourcecode.swift; path = ContentView.swift; sourceTree = "<group>"; };
		D85E09A92C3A8FCD0075759E /* Assets.xcassets */ = {isa = PBXFileReference; lastKnownFileType = folder.assetcatalog; path = Assets.xcassets; sourceTree = "<group>"; };
		D85E09AC2C3A8FCD0075759E /* Preview Assets.xcassets */ = {isa = PBXFileReference; lastKnownFileType = folder.assetcatalog; path = "Preview Assets.xcassets"; sourceTree = "<group>"; };
		D85E09B22C3A8FCD0075759E /* psychbase-patientappTests.xctest */ = {isa = PBXFileReference; explicitFileType = wrapper.cfbundle; includeInIndex = 0; path = "psychbase-patientappTests.xctest"; sourceTree = BUILT_PRODUCTS_DIR; };
		D85E09B62C3A8FCD0075759E /* psychbase_patientappTests.swift */ = {isa = PBXFileReference; lastKnownFileType = sourcecode.swift; path = psychbase_patientappTests.swift; sourceTree = "<group>"; };
		D85E09BC2C3A8FCD0075759E /* psychbase-patientappUITests.xctest */ = {isa = PBXFileReference; explicitFileType = wrapper.cfbundle; includeInIndex = 0; path = "psychbase-patientappUITests.xctest"; sourceTree = BUILT_PRODUCTS_DIR; };
		D85E09C02C3A8FCD0075759E /* psychbase_patientappUITests.swift */ = {isa = PBXFileReference; lastKnownFileType = sourcecode.swift; path = psychbase_patientappUITests.swift; sourceTree = "<group>"; };
		D85E09C22C3A8FCD0075759E /* psychbase_patientappUITestsLaunchTests.swift */ = {isa = PBXFileReference; lastKnownFileType = sourcecode.swift; path = psychbase_patientappUITestsLaunchTests.swift; sourceTree = "<group>"; };
		D8E65B7A2C3FB37E00942DCE /* ExerciseView.swift */ = {isa = PBXFileReference; lastKnownFileType = sourcecode.swift; path = ExerciseView.swift; sourceTree = "<group>"; };
/* End PBXFileReference section */

/* Begin PBXFrameworksBuildPhase section */
		D85E099F2C3A8FCB0075759E /* Frameworks */ = {
			isa = PBXFrameworksBuildPhase;
			buildActionMask = 2147483647;
			files = (
			);
			runOnlyForDeploymentPostprocessing = 0;
		};
		D85E09AF2C3A8FCD0075759E /* Frameworks */ = {
			isa = PBXFrameworksBuildPhase;
			buildActionMask = 2147483647;
			files = (
			);
			runOnlyForDeploymentPostprocessing = 0;
		};
		D85E09B92C3A8FCD0075759E /* Frameworks */ = {
			isa = PBXFrameworksBuildPhase;
			buildActionMask = 2147483647;
			files = (
			);
			runOnlyForDeploymentPostprocessing = 0;
		};
/* End PBXFrameworksBuildPhase section */

/* Begin PBXGroup section */
		D8599A8E2C3AA15600C9E017 /* home-page */ = {
			isa = PBXGroup;
			children = (
				D8599A8F2C3AB4C900C9E017 /* HomeView.swift */,
				D8599A912C3AB58B00C9E017 /* HomeTileView.swift */,
			);
			path = "home-page";
			sourceTree = "<group>";
		};
		D85E09992C3A8FCB0075759E = {
			isa = PBXGroup;
			children = (
				D85E09A42C3A8FCB0075759E /* psychbase-patientapp */,
				D85E09B52C3A8FCD0075759E /* psychbase-patientappTests */,
				D85E09BF2C3A8FCD0075759E /* psychbase-patientappUITests */,
				D85E09A32C3A8FCB0075759E /* Products */,
			);
			sourceTree = "<group>";
		};
		D85E09A32C3A8FCB0075759E /* Products */ = {
			isa = PBXGroup;
			children = (
				D85E09A22C3A8FCB0075759E /* psychbase-patientapp.app */,
				D85E09B22C3A8FCD0075759E /* psychbase-patientappTests.xctest */,
				D85E09BC2C3A8FCD0075759E /* psychbase-patientappUITests.xctest */,
			);
			name = Products;
			sourceTree = "<group>";
		};
		D85E09A42C3A8FCB0075759E /* psychbase-patientapp */ = {
			isa = PBXGroup;
			children = (
				D8E65B792C3FB36100942DCE /* action-plans */,
				D8599A8E2C3AA15600C9E017 /* home-page */,
				D85E09A52C3A8FCB0075759E /* psychbase_patientappApp.swift */,
				D85E09A72C3A8FCB0075759E /* ContentView.swift */,
				D85E09A92C3A8FCD0075759E /* Assets.xcassets */,
				D85E09AB2C3A8FCD0075759E /* Preview Content */,
				D8599A8B2C3AA0EB00C9E017 /* HeaderView.swift */,
			);
			path = "psychbase-patientapp";
			sourceTree = "<group>";
		};
		D85E09AB2C3A8FCD0075759E /* Preview Content */ = {
			isa = PBXGroup;
			children = (
				D85E09AC2C3A8FCD0075759E /* Preview Assets.xcassets */,
			);
			path = "Preview Content";
			sourceTree = "<group>";
		};
		D85E09B52C3A8FCD0075759E /* psychbase-patientappTests */ = {
			isa = PBXGroup;
			children = (
				D85E09B62C3A8FCD0075759E /* psychbase_patientappTests.swift */,
			);
			path = "psychbase-patientappTests";
			sourceTree = "<group>";
		};
		D85E09BF2C3A8FCD0075759E /* psychbase-patientappUITests */ = {
			isa = PBXGroup;
			children = (
				D85E09C02C3A8FCD0075759E /* psychbase_patientappUITests.swift */,
				D85E09C22C3A8FCD0075759E /* psychbase_patientappUITestsLaunchTests.swift */,
			);
			path = "psychbase-patientappUITests";
			sourceTree = "<group>";
		};
		D8E65B792C3FB36100942DCE /* action-plans */ = {
			isa = PBXGroup;
			children = (
				D8E65B7A2C3FB37E00942DCE /* ExerciseView.swift */,
			);
			path = "action-plans";
			sourceTree = "<group>";
		};
/* End PBXGroup section */

/* Begin PBXNativeTarget section */
		D85E09A12C3A8FCB0075759E /* psychbase-patientapp */ = {
			isa = PBXNativeTarget;
			buildConfigurationList = D85E09C62C3A8FCD0075759E /* Build configuration list for PBXNativeTarget "psychbase-patientapp" */;
			buildPhases = (
				D85E099E2C3A8FCB0075759E /* Sources */,
				D85E099F2C3A8FCB0075759E /* Frameworks */,
				D85E09A02C3A8FCB0075759E /* Resources */,
			);
			buildRules = (
			);
			dependencies = (
			);
			name = "psychbase-patientapp";
			productName = "psychbase-patientapp";
			productReference = D85E09A22C3A8FCB0075759E /* psychbase-patientapp.app */;
			productType = "com.apple.product-type.application";
		};
		D85E09B12C3A8FCD0075759E /* psychbase-patientappTests */ = {
			isa = PBXNativeTarget;
			buildConfigurationList = D85E09C92C3A8FCD0075759E /* Build configuration list for PBXNativeTarget "psychbase-patientappTests" */;
			buildPhases = (
				D85E09AE2C3A8FCD0075759E /* Sources */,
				D85E09AF2C3A8FCD0075759E /* Frameworks */,
				D85E09B02C3A8FCD0075759E /* Resources */,
			);
			buildRules = (
			);
			dependencies = (
				D85E09B42C3A8FCD0075759E /* PBXTargetDependency */,
			);
			name = "psychbase-patientappTests";
			productName = "psychbase-patientappTests";
			productReference = D85E09B22C3A8FCD0075759E /* psychbase-patientappTests.xctest */;
			productType = "com.apple.product-type.bundle.unit-test";
		};
		D85E09BB2C3A8FCD0075759E /* psychbase-patientappUITests */ = {
			isa = PBXNativeTarget;
			buildConfigurationList = D85E09CC2C3A8FCD0075759E /* Build configuration list for PBXNativeTarget "psychbase-patientappUITests" */;
			buildPhases = (
				D85E09B82C3A8FCD0075759E /* Sources */,
				D85E09B92C3A8FCD0075759E /* Frameworks */,
				D85E09BA2C3A8FCD0075759E /* Resources */,
			);
			buildRules = (
			);
			dependencies = (
				D85E09BE2C3A8FCD0075759E /* PBXTargetDependency */,
			);
			name = "psychbase-patientappUITests";
			productName = "psychbase-patientappUITests";
			productReference = D85E09BC2C3A8FCD0075759E /* psychbase-patientappUITests.xctest */;
			productType = "com.apple.product-type.bundle.ui-testing";
		};
/* End PBXNativeTarget section */

/* Begin PBXProject section */
		D85E099A2C3A8FCB0075759E /* Project object */ = {
			isa = PBXProject;
			attributes = {
				BuildIndependentTargetsInParallel = 1;
				LastSwiftUpdateCheck = 1540;
				LastUpgradeCheck = 1540;
				TargetAttributes = {
					D85E09A12C3A8FCB0075759E = {
						CreatedOnToolsVersion = 15.4;
					};
					D85E09B12C3A8FCD0075759E = {
						CreatedOnToolsVersion = 15.4;
						TestTargetID = D85E09A12C3A8FCB0075759E;
					};
					D85E09BB2C3A8FCD0075759E = {
						CreatedOnToolsVersion = 15.4;
						TestTargetID = D85E09A12C3A8FCB0075759E;
					};
				};
			};
			buildConfigurationList = D85E099D2C3A8FCB0075759E /* Build configuration list for PBXProject "psychbase-patientapp" */;
			compatibilityVersion = "Xcode 14.0";
			developmentRegion = en;
			hasScannedForEncodings = 0;
			knownRegions = (
				en,
				Base,
			);
			mainGroup = D85E09992C3A8FCB0075759E;
			productRefGroup = D85E09A32C3A8FCB0075759E /* Products */;
			projectDirPath = "";
			projectRoot = "";
			targets = (
				D85E09A12C3A8FCB0075759E /* psychbase-patientapp */,
				D85E09B12C3A8FCD0075759E /* psychbase-patientappTests */,
				D85E09BB2C3A8FCD0075759E /* psychbase-patientappUITests */,
			);
		};
/* End PBXProject section */

/* Begin PBXResourcesBuildPhase section */
		D85E09A02C3A8FCB0075759E /* Resources */ = {
			isa = PBXResourcesBuildPhase;
			buildActionMask = 2147483647;
			files = (
				D85E09AD2C3A8FCD0075759E /* Preview Assets.xcassets in Resources */,
				D85E09AA2C3A8FCD0075759E /* Assets.xcassets in Resources */,
			);
			runOnlyForDeploymentPostprocessing = 0;
		};
		D85E09B02C3A8FCD0075759E /* Resources */ = {
			isa = PBXResourcesBuildPhase;
			buildActionMask = 2147483647;
			files = (
			);
			runOnlyForDeploymentPostprocessing = 0;
		};
		D85E09BA2C3A8FCD0075759E /* Resources */ = {
			isa = PBXResourcesBuildPhase;
			buildActionMask = 2147483647;
			files = (
			);
			runOnlyForDeploymentPostprocessing = 0;
		};
/* End PBXResourcesBuildPhase section */

/* Begin PBXSourcesBuildPhase section */
		D85E099E2C3A8FCB0075759E /* Sources */ = {
			isa = PBXSourcesBuildPhase;
			buildActionMask = 2147483647;
			files = (
				D8E65B7B2C3FB37E00942DCE /* ExerciseView.swift in Sources */,
				D85E09A82C3A8FCB0075759E /* ContentView.swift in Sources */,
				D8599A922C3AB58B00C9E017 /* HomeTileView.swift in Sources */,
				D8599A902C3AB4C900C9E017 /* HomeView.swift in Sources */,
				D85E09A62C3A8FCB0075759E /* psychbase_patientappApp.swift in Sources */,
				D8599A8C2C3AA0EB00C9E017 /* HeaderView.swift in Sources */,
			);
			runOnlyForDeploymentPostprocessing = 0;
		};
		D85E09AE2C3A8FCD0075759E /* Sources */ = {
			isa = PBXSourcesBuildPhase;
			buildActionMask = 2147483647;
			files = (
				D85E09B72C3A8FCD0075759E /* psychbase_patientappTests.swift in Sources */,
			);
			runOnlyForDeploymentPostprocessing = 0;
		};
		D85E09B82C3A8FCD0075759E /* Sources */ = {
			isa = PBXSourcesBuildPhase;
			buildActionMask = 2147483647;
			files = (
				D85E09C12C3A8FCD0075759E /* psychbase_patientappUITests.swift in Sources */,
				D85E09C32C3A8FCD0075759E /* psychbase_patientappUITestsLaunchTests.swift in Sources */,
			);
			runOnlyForDeploymentPostprocessing = 0;
		};
/* End PBXSourcesBuildPhase section */

/* Begin PBXTargetDependency section */
		D85E09B42C3A8FCD0075759E /* PBXTargetDependency */ = {
			isa = PBXTargetDependency;
			target = D85E09A12C3A8FCB0075759E /* psychbase-patientapp */;
			targetProxy = D85E09B32C3A8FCD0075759E /* PBXContainerItemProxy */;
		};
		D85E09BE2C3A8FCD0075759E /* PBXTargetDependency */ = {
			isa = PBXTargetDependency;
			target = D85E09A12C3A8FCB0075759E /* psychbase-patientapp */;
			targetProxy = D85E09BD2C3A8FCD0075759E /* PBXContainerItemProxy */;
		};
/* End PBXTargetDependency section */

/* Begin XCBuildConfiguration section */
		D85E09C42C3A8FCD0075759E /* Debug */ = {
			isa = XCBuildConfiguration;
			buildSettings = {
				ALWAYS_SEARCH_USER_PATHS = NO;
				ASSETCATALOG_COMPILER_GENERATE_SWIFT_ASSET_SYMBOL_EXTENSIONS = YES;
				CLANG_ANALYZER_NONNULL = YES;
				CLANG_ANALYZER_NUMBER_OBJECT_CONVERSION = YES_AGGRESSIVE;
				CLANG_CXX_LANGUAGE_STANDARD = "gnu++20";
				CLANG_ENABLE_MODULES = YES;
				CLANG_ENABLE_OBJC_ARC = YES;
				CLANG_ENABLE_OBJC_WEAK = YES;
				CLANG_WARN_BLOCK_CAPTURE_AUTORELEASING = YES;
				CLANG_WARN_BOOL_CONVERSION = YES;
				CLANG_WARN_COMMA = YES;
				CLANG_WARN_CONSTANT_CONVERSION = YES;
				CLANG_WARN_DEPRECATED_OBJC_IMPLEMENTATIONS = YES;
				CLANG_WARN_DIRECT_OBJC_ISA_USAGE = YES_ERROR;
				CLANG_WARN_DOCUMENTATION_COMMENTS = YES;
				CLANG_WARN_EMPTY_BODY = YES;
				CLANG_WARN_ENUM_CONVERSION = YES;
				CLANG_WARN_INFINITE_RECURSION = YES;
				CLANG_WARN_INT_CONVERSION = YES;
				CLANG_WARN_NON_LITERAL_NULL_CONVERSION = YES;
				CLANG_WARN_OBJC_IMPLICIT_RETAIN_SELF = YES;
				CLANG_WARN_OBJC_LITERAL_CONVERSION = YES;
				CLANG_WARN_OBJC_ROOT_CLASS = YES_ERROR;
				CLANG_WARN_QUOTED_INCLUDE_IN_FRAMEWORK_HEADER = YES;
				CLANG_WARN_RANGE_LOOP_ANALYSIS = YES;
				CLANG_WARN_STRICT_PROTOTYPES = YES;
				CLANG_WARN_SUSPICIOUS_MOVE = YES;
				CLANG_WARN_UNGUARDED_AVAILABILITY = YES_AGGRESSIVE;
				CLANG_WARN_UNREACHABLE_CODE = YES;
				CLANG_WARN__DUPLICATE_METHOD_MATCH = YES;
				COPY_PHASE_STRIP = NO;
				DEBUG_INFORMATION_FORMAT = dwarf;
				ENABLE_STRICT_OBJC_MSGSEND = YES;
				ENABLE_TESTABILITY = YES;
				ENABLE_USER_SCRIPT_SANDBOXING = YES;
				GCC_C_LANGUAGE_STANDARD = gnu17;
				GCC_DYNAMIC_NO_PIC = NO;
				GCC_NO_COMMON_BLOCKS = YES;
				GCC_OPTIMIZATION_LEVEL = 0;
				GCC_PREPROCESSOR_DEFINITIONS = (
					"DEBUG=1",
					"$(inherited)",
				);
				GCC_WARN_64_TO_32_BIT_CONVERSION = YES;
				GCC_WARN_ABOUT_RETURN_TYPE = YES_ERROR;
				GCC_WARN_UNDECLARED_SELECTOR = YES;
				GCC_WARN_UNINITIALIZED_AUTOS = YES_AGGRESSIVE;
				GCC_WARN_UNUSED_FUNCTION = YES;
				GCC_WARN_UNUSED_VARIABLE = YES;
				IPHONEOS_DEPLOYMENT_TARGET = 17.5;
				LOCALIZATION_PREFERS_STRING_CATALOGS = YES;
				MTL_ENABLE_DEBUG_INFO = INCLUDE_SOURCE;
				MTL_FAST_MATH = YES;
				ONLY_ACTIVE_ARCH = YES;
				SDKROOT = iphoneos;
				SWIFT_ACTIVE_COMPILATION_CONDITIONS = "DEBUG $(inherited)";
				SWIFT_OPTIMIZATION_LEVEL = "-Onone";
			};
			name = Debug;
		};
		D85E09C52C3A8FCD0075759E /* Release */ = {
			isa = XCBuildConfiguration;
			buildSettings = {
				ALWAYS_SEARCH_USER_PATHS = NO;
				ASSETCATALOG_COMPILER_GENERATE_SWIFT_ASSET_SYMBOL_EXTENSIONS = YES;
				CLANG_ANALYZER_NONNULL = YES;
				CLANG_ANALYZER_NUMBER_OBJECT_CONVERSION = YES_AGGRESSIVE;
				CLANG_CXX_LANGUAGE_STANDARD = "gnu++20";
				CLANG_ENABLE_MODULES = YES;
				CLANG_ENABLE_OBJC_ARC = YES;
				CLANG_ENABLE_OBJC_WEAK = YES;
				CLANG_WARN_BLOCK_CAPTURE_AUTORELEASING = YES;
				CLANG_WARN_BOOL_CONVERSION = YES;
				CLANG_WARN_COMMA = YES;
				CLANG_WARN_CONSTANT_CONVERSION = YES;
				CLANG_WARN_DEPRECATED_OBJC_IMPLEMENTATIONS = YES;
				CLANG_WARN_DIRECT_OBJC_ISA_USAGE = YES_ERROR;
				CLANG_WARN_DOCUMENTATION_COMMENTS = YES;
				CLANG_WARN_EMPTY_BODY = YES;
				CLANG_WARN_ENUM_CONVERSION = YES;
				CLANG_WARN_INFINITE_RECURSION = YES;
				CLANG_WARN_INT_CONVERSION = YES;
				CLANG_WARN_NON_LITERAL_NULL_CONVERSION = YES;
				CLANG_WARN_OBJC_IMPLICIT_RETAIN_SELF = YES;
				CLANG_WARN_OBJC_LITERAL_CONVERSION = YES;
				CLANG_WARN_OBJC_ROOT_CLASS = YES_ERROR;
				CLANG_WARN_QUOTED_INCLUDE_IN_FRAMEWORK_HEADER = YES;
				CLANG_WARN_RANGE_LOOP_ANALYSIS = YES;
				CLANG_WARN_STRICT_PROTOTYPES = YES;
				CLANG_WARN_SUSPICIOUS_MOVE = YES;
				CLANG_WARN_UNGUARDED_AVAILABILITY = YES_AGGRESSIVE;
				CLANG_WARN_UNREACHABLE_CODE = YES;
				CLANG_WARN__DUPLICATE_METHOD_MATCH = YES;
				COPY_PHASE_STRIP = NO;
				DEBUG_INFORMATION_FORMAT = "dwarf-with-dsym";
				ENABLE_NS_ASSERTIONS = NO;
				ENABLE_STRICT_OBJC_MSGSEND = YES;
				ENABLE_USER_SCRIPT_SANDBOXING = YES;
				GCC_C_LANGUAGE_STANDARD = gnu17;
				GCC_NO_COMMON_BLOCKS = YES;
				GCC_WARN_64_TO_32_BIT_CONVERSION = YES;
				GCC_WARN_ABOUT_RETURN_TYPE = YES_ERROR;
				GCC_WARN_UNDECLARED_SELECTOR = YES;
				GCC_WARN_UNINITIALIZED_AUTOS = YES_AGGRESSIVE;
				GCC_WARN_UNUSED_FUNCTION = YES;
				GCC_WARN_UNUSED_VARIABLE = YES;
				IPHONEOS_DEPLOYMENT_TARGET = 17.5;
				LOCALIZATION_PREFERS_STRING_CATALOGS = YES;
				MTL_ENABLE_DEBUG_INFO = NO;
				MTL_FAST_MATH = YES;
				SDKROOT = iphoneos;
				SWIFT_COMPILATION_MODE = wholemodule;
				VALIDATE_PRODUCT = YES;
			};
			name = Release;
		};
		D85E09C72C3A8FCD0075759E /* Debug */ = {
			isa = XCBuildConfiguration;
			buildSettings = {
				ASSETCATALOG_COMPILER_APPICON_NAME = AppIcon;
				ASSETCATALOG_COMPILER_GLOBAL_ACCENT_COLOR_NAME = AccentColor;
				CODE_SIGN_STYLE = Automatic;
				CURRENT_PROJECT_VERSION = 1;
				DEVELOPMENT_ASSET_PATHS = "\"psychbase-patientapp/Preview Content\"";
				ENABLE_PREVIEWS = YES;
				GENERATE_INFOPLIST_FILE = YES;
				INFOPLIST_KEY_UIApplicationSceneManifest_Generation = YES;
				INFOPLIST_KEY_UIApplicationSupportsIndirectInputEvents = YES;
				INFOPLIST_KEY_UILaunchScreen_Generation = YES;
				INFOPLIST_KEY_UISupportedInterfaceOrientations_iPad = "UIInterfaceOrientationPortrait UIInterfaceOrientationPortraitUpsideDown UIInterfaceOrientationLandscapeLeft UIInterfaceOrientationLandscapeRight";
				INFOPLIST_KEY_UISupportedInterfaceOrientations_iPhone = "UIInterfaceOrientationPortrait UIInterfaceOrientationLandscapeLeft UIInterfaceOrientationLandscapeRight";
				LD_RUNPATH_SEARCH_PATHS = (
					"$(inherited)",
					"@executable_path/Frameworks",
				);
				MARKETING_VERSION = 1.0;
				PRODUCT_BUNDLE_IDENTIFIER = "sparrow-healthtech.psychbase-patientapp";
				PRODUCT_NAME = "$(TARGET_NAME)";
				SWIFT_EMIT_LOC_STRINGS = YES;
				SWIFT_VERSION = 5.0;
				TARGETED_DEVICE_FAMILY = "1,2";
			};
			name = Debug;
		};
		D85E09C82C3A8FCD0075759E /* Release */ = {
			isa = XCBuildConfiguration;
			buildSettings = {
				ASSETCATALOG_COMPILER_APPICON_NAME = AppIcon;
				ASSETCATALOG_COMPILER_GLOBAL_ACCENT_COLOR_NAME = AccentColor;
				CODE_SIGN_STYLE = Automatic;
				CURRENT_PROJECT_VERSION = 1;
				DEVELOPMENT_ASSET_PATHS = "\"psychbase-patientapp/Preview Content\"";
				ENABLE_PREVIEWS = YES;
				GENERATE_INFOPLIST_FILE = YES;
				INFOPLIST_KEY_UIApplicationSceneManifest_Generation = YES;
				INFOPLIST_KEY_UIApplicationSupportsIndirectInputEvents = YES;
				INFOPLIST_KEY_UILaunchScreen_Generation = YES;
				INFOPLIST_KEY_UISupportedInterfaceOrientations_iPad = "UIInterfaceOrientationPortrait UIInterfaceOrientationPortraitUpsideDown UIInterfaceOrientationLandscapeLeft UIInterfaceOrientationLandscapeRight";
				INFOPLIST_KEY_UISupportedInterfaceOrientations_iPhone = "UIInterfaceOrientationPortrait UIInterfaceOrientationLandscapeLeft UIInterfaceOrientationLandscapeRight";
				LD_RUNPATH_SEARCH_PATHS = (
					"$(inherited)",
					"@executable_path/Frameworks",
				);
				MARKETING_VERSION = 1.0;
				PRODUCT_BUNDLE_IDENTIFIER = "sparrow-healthtech.psychbase-patientapp";
				PRODUCT_NAME = "$(TARGET_NAME)";
				SWIFT_EMIT_LOC_STRINGS = YES;
				SWIFT_VERSION = 5.0;
				TARGETED_DEVICE_FAMILY = "1,2";
			};
			name = Release;
		};
		D85E09CA2C3A8FCD0075759E /* Debug */ = {
			isa = XCBuildConfiguration;
			buildSettings = {
				ALWAYS_EMBED_SWIFT_STANDARD_LIBRARIES = YES;
				BUNDLE_LOADER = "$(TEST_HOST)";
				CODE_SIGN_STYLE = Automatic;
				CURRENT_PROJECT_VERSION = 1;
				GENERATE_INFOPLIST_FILE = YES;
				IPHONEOS_DEPLOYMENT_TARGET = 17.5;
				MARKETING_VERSION = 1.0;
				PRODUCT_BUNDLE_IDENTIFIER = "sparrow-healthtech.psychbase-patientappTests";
				PRODUCT_NAME = "$(TARGET_NAME)";
				SWIFT_EMIT_LOC_STRINGS = NO;
				SWIFT_VERSION = 5.0;
				TARGETED_DEVICE_FAMILY = "1,2";
				TEST_HOST = "$(BUILT_PRODUCTS_DIR)/psychbase-patientapp.app/$(BUNDLE_EXECUTABLE_FOLDER_PATH)/psychbase-patientapp";
			};
			name = Debug;
		};
		D85E09CB2C3A8FCD0075759E /* Release */ = {
			isa = XCBuildConfiguration;
			buildSettings = {
				ALWAYS_EMBED_SWIFT_STANDARD_LIBRARIES = YES;
				BUNDLE_LOADER = "$(TEST_HOST)";
				CODE_SIGN_STYLE = Automatic;
				CURRENT_PROJECT_VERSION = 1;
				GENERATE_INFOPLIST_FILE = YES;
				IPHONEOS_DEPLOYMENT_TARGET = 17.5;
				MARKETING_VERSION = 1.0;
				PRODUCT_BUNDLE_IDENTIFIER = "sparrow-healthtech.psychbase-patientappTests";
				PRODUCT_NAME = "$(TARGET_NAME)";
				SWIFT_EMIT_LOC_STRINGS = NO;
				SWIFT_VERSION = 5.0;
				TARGETED_DEVICE_FAMILY = "1,2";
				TEST_HOST = "$(BUILT_PRODUCTS_DIR)/psychbase-patientapp.app/$(BUNDLE_EXECUTABLE_FOLDER_PATH)/psychbase-patientapp";
			};
			name = Release;
		};
		D85E09CD2C3A8FCD0075759E /* Debug */ = {
			isa = XCBuildConfiguration;
			buildSettings = {
				ALWAYS_EMBED_SWIFT_STANDARD_LIBRARIES = YES;
				CODE_SIGN_STYLE = Automatic;
				CURRENT_PROJECT_VERSION = 1;
				GENERATE_INFOPLIST_FILE = YES;
				MARKETING_VERSION = 1.0;
				PRODUCT_BUNDLE_IDENTIFIER = "sparrow-healthtech.psychbase-patientappUITests";
				PRODUCT_NAME = "$(TARGET_NAME)";
				SWIFT_EMIT_LOC_STRINGS = NO;
				SWIFT_VERSION = 5.0;
				TARGETED_DEVICE_FAMILY = "1,2";
				TEST_TARGET_NAME = "psychbase-patientapp";
			};
			name = Debug;
		};
		D85E09CE2C3A8FCD0075759E /* Release */ = {
			isa = XCBuildConfiguration;
			buildSettings = {
				ALWAYS_EMBED_SWIFT_STANDARD_LIBRARIES = YES;
				CODE_SIGN_STYLE = Automatic;
				CURRENT_PROJECT_VERSION = 1;
				GENERATE_INFOPLIST_FILE = YES;
				MARKETING_VERSION = 1.0;
				PRODUCT_BUNDLE_IDENTIFIER = "sparrow-healthtech.psychbase-patientappUITests";
				PRODUCT_NAME = "$(TARGET_NAME)";
				SWIFT_EMIT_LOC_STRINGS = NO;
				SWIFT_VERSION = 5.0;
				TARGETED_DEVICE_FAMILY = "1,2";
				TEST_TARGET_NAME = "psychbase-patientapp";
			};
			name = Release;
		};
/* End XCBuildConfiguration section */

/* Begin XCConfigurationList section */
		D85E099D2C3A8FCB0075759E /* Build configuration list for PBXProject "psychbase-patientapp" */ = {
			isa = XCConfigurationList;
			buildConfigurations = (
				D85E09C42C3A8FCD0075759E /* Debug */,
				D85E09C52C3A8FCD0075759E /* Release */,
			);
			defaultConfigurationIsVisible = 0;
			defaultConfigurationName = Release;
		};
		D85E09C62C3A8FCD0075759E /* Build configuration list for PBXNativeTarget "psychbase-patientapp" */ = {
			isa = XCConfigurationList;
			buildConfigurations = (
				D85E09C72C3A8FCD0075759E /* Debug */,
				D85E09C82C3A8FCD0075759E /* Release */,
			);
			defaultConfigurationIsVisible = 0;
			defaultConfigurationName = Release;
		};
		D85E09C92C3A8FCD0075759E /* Build configuration list for PBXNativeTarget "psychbase-patientappTests" */ = {
			isa = XCConfigurationList;
			buildConfigurations = (
				D85E09CA2C3A8FCD0075759E /* Debug */,
				D85E09CB2C3A8FCD0075759E /* Release */,
			);
			defaultConfigurationIsVisible = 0;
			defaultConfigurationName = Release;
		};
		D85E09CC2C3A8FCD0075759E /* Build configuration list for PBXNativeTarget "psychbase-patientappUITests" */ = {
			isa = XCConfigurationList;
			buildConfigurations = (
				D85E09CD2C3A8FCD0075759E /* Debug */,
				D85E09CE2C3A8FCD0075759E /* Release */,
			);
			defaultConfigurationIsVisible = 0;
			defaultConfigurationName = Release;
		};
/* End XCConfigurationList section */
	};
	rootObject = D85E099A2C3A8FCB0075759E /* Project object */;
}
