// !$*UTF8*$!
{
	archiveVersion = 1;
	classes = {
	};
	objectVersion = 56;
	objects = {

/* Begin PBXBuildFile section */
		D80A8ECB2C5B9B4D00260B6C /* SituationStep.swift in Sources */ = {isa = PBXBuildFile; fileRef = D80A8ECA2C5B9B4D00260B6C /* SituationStep.swift */; };
		D80A8ECD2C5BA48700260B6C /* SituationOption.swift in Sources */ = {isa = PBXBuildFile; fileRef = D80A8ECC2C5BA48700260B6C /* SituationOption.swift */; };
		D81F5F152C4D0A600028FDA6 /* Assessment.swift in Sources */ = {isa = PBXBuildFile; fileRef = D81F5F142C4D0A600028FDA6 /* Assessment.swift */; };
		D8599A8C2C3AA0EB00C9E017 /* HomeHeader.swift in Sources */ = {isa = PBXBuildFile; fileRef = D8599A8B2C3AA0EB00C9E017 /* HomeHeader.swift */; };
		D8599A902C3AB4C900C9E017 /* Home.swift in Sources */ = {isa = PBXBuildFile; fileRef = D8599A8F2C3AB4C900C9E017 /* Home.swift */; };
		D8599A922C3AB58B00C9E017 /* Module.swift in Sources */ = {isa = PBXBuildFile; fileRef = D8599A912C3AB58B00C9E017 /* Module.swift */; };
		D85E09A62C3A8FCB0075759E /* psychbase_patientappApp.swift in Sources */ = {isa = PBXBuildFile; fileRef = D85E09A52C3A8FCB0075759E /* psychbase_patientappApp.swift */; };
		D85E09A82C3A8FCB0075759E /* ContentView.swift in Sources */ = {isa = PBXBuildFile; fileRef = D85E09A72C3A8FCB0075759E /* ContentView.swift */; };
		D85E09AA2C3A8FCD0075759E /* Assets.xcassets in Resources */ = {isa = PBXBuildFile; fileRef = D85E09A92C3A8FCD0075759E /* Assets.xcassets */; };
		D85E09AD2C3A8FCD0075759E /* Preview Assets.xcassets in Resources */ = {isa = PBXBuildFile; fileRef = D85E09AC2C3A8FCD0075759E /* Preview Assets.xcassets */; };
		D85E09B72C3A8FCD0075759E /* psychbase_patientappTests.swift in Sources */ = {isa = PBXBuildFile; fileRef = D85E09B62C3A8FCD0075759E /* psychbase_patientappTests.swift */; };
		D85E09C12C3A8FCD0075759E /* psychbase_patientappUITests.swift in Sources */ = {isa = PBXBuildFile; fileRef = D85E09C02C3A8FCD0075759E /* psychbase_patientappUITests.swift */; };
		D85E09C32C3A8FCD0075759E /* psychbase_patientappUITestsLaunchTests.swift in Sources */ = {isa = PBXBuildFile; fileRef = D85E09C22C3A8FCD0075759E /* psychbase_patientappUITestsLaunchTests.swift */; };
		D8712BF42C58DFE300DF9116 /* Doctor.swift in Sources */ = {isa = PBXBuildFile; fileRef = D8712BF32C58DFE300DF9116 /* Doctor.swift */; };
		D8712BF62C590D2700DF9116 /* Questionnaire.swift in Sources */ = {isa = PBXBuildFile; fileRef = D8712BF52C590D2700DF9116 /* Questionnaire.swift */; };
		D8712BF82C59114E00DF9116 /* DASSQuestion.swift in Sources */ = {isa = PBXBuildFile; fileRef = D8712BF72C59114E00DF9116 /* DASSQuestion.swift */; };
		D8712BFA2C5914F600DF9116 /* RadioButton.swift in Sources */ = {isa = PBXBuildFile; fileRef = D8712BF92C5914F600DF9116 /* RadioButton.swift */; };
		D8712BFC2C59166B00DF9116 /* RadioButtonGroup.swift in Sources */ = {isa = PBXBuildFile; fileRef = D8712BFB2C59166B00DF9116 /* RadioButtonGroup.swift */; };
		D8A62CEE2C65C90D0093A158 /* ActionPlan.swift in Sources */ = {isa = PBXBuildFile; fileRef = D8A62CC12C65C90D0093A158 /* ActionPlan.swift */; };
		D8A62CEF2C65C90D0093A158 /* SituationOption.swift in Sources */ = {isa = PBXBuildFile; fileRef = D8A62CC22C65C90D0093A158 /* SituationOption.swift */; };
		D8A62CF02C65C90D0093A158 /* SituationStep.swift in Sources */ = {isa = PBXBuildFile; fileRef = D8A62CC32C65C90D0093A158 /* SituationStep.swift */; };
		D8A62CF12C65C90D0093A158 /* Assessment.swift in Sources */ = {isa = PBXBuildFile; fileRef = D8A62CC52C65C90D0093A158 /* Assessment.swift */; };
		D8A62CF22C65C90D0093A158 /* DASSQuestion.swift in Sources */ = {isa = PBXBuildFile; fileRef = D8A62CC62C65C90D0093A158 /* DASSQuestion.swift */; };
		D8A62CF32C65C90D0093A158 /* Questionnaire.swift in Sources */ = {isa = PBXBuildFile; fileRef = D8A62CC72C65C90D0093A158 /* Questionnaire.swift */; };
		D8A62CF42C65C90D0093A158 /* RadioButton.swift in Sources */ = {isa = PBXBuildFile; fileRef = D8A62CC82C65C90D0093A158 /* RadioButton.swift */; };
		D8A62CF52C65C90D0093A158 /* RadioButtonGroup.swift in Sources */ = {isa = PBXBuildFile; fileRef = D8A62CC92C65C90D0093A158 /* RadioButtonGroup.swift */; };
		D8A62CF62C65C90D0093A158 /* Doctor.swift in Sources */ = {isa = PBXBuildFile; fileRef = D8A62CCB2C65C90D0093A158 /* Doctor.swift */; };
		D8A62CF72C65C90D0093A158 /* HomeHeader.swift in Sources */ = {isa = PBXBuildFile; fileRef = D8A62CCC2C65C90D0093A158 /* HomeHeader.swift */; };
		D8A62CF82C65C90D0093A158 /* ModuleHeader.swift in Sources */ = {isa = PBXBuildFile; fileRef = D8A62CCD2C65C90D0093A158 /* ModuleHeader.swift */; };
		D8A62CF92C65C90D0093A158 /* Home.swift in Sources */ = {isa = PBXBuildFile; fileRef = D8A62CCF2C65C90D0093A158 /* Home.swift */; };
		D8A62CFA2C65C90D0093A158 /* Module.swift in Sources */ = {isa = PBXBuildFile; fileRef = D8A62CD02C65C90D0093A158 /* Module.swift */; };
		D8A62CFB2C65C90D0093A158 /* Preview Assets.xcassets in Resources */ = {isa = PBXBuildFile; fileRef = D8A62CD22C65C90D0093A158 /* Preview Assets.xcassets */; };
		D8A62CFC2C65C90D0093A158 /* CustomView2.swift in Sources */ = {isa = PBXBuildFile; fileRef = D8A62CD42C65C90D0093A158 /* CustomView2.swift */; };
		D8A62CFD2C65C90D0093A158 /* CustomView3.swift in Sources */ = {isa = PBXBuildFile; fileRef = D8A62CD52C65C90D0093A158 /* CustomView3.swift */; };
		D8A62CFE2C65C90D0093A158 /* CustomView4.swift in Sources */ = {isa = PBXBuildFile; fileRef = D8A62CD62C65C90D0093A158 /* CustomView4.swift */; };
		D8A62CFF2C65C90D0093A158 /* CustomView5.swift in Sources */ = {isa = PBXBuildFile; fileRef = D8A62CD72C65C90D0093A158 /* CustomView5.swift */; };
		D8A62D002C65C90D0093A158 /* CustomView7.swift in Sources */ = {isa = PBXBuildFile; fileRef = D8A62CD92C65C90D0093A158 /* CustomView7.swift */; };
		D8A62D012C65C90D0093A158 /* CustomView8.swift in Sources */ = {isa = PBXBuildFile; fileRef = D8A62CDA2C65C90D0093A158 /* CustomView8.swift */; };
		D8A62D022C65C90D0093A158 /* CustomView9.swift in Sources */ = {isa = PBXBuildFile; fileRef = D8A62CDB2C65C90D0093A158 /* CustomView9.swift */; };
		D8A62D032C65C90D0093A158 /* CustomView10.swift in Sources */ = {isa = PBXBuildFile; fileRef = D8A62CDC2C65C90D0093A158 /* CustomView10.swift */; };
		D8A62D042C65C90D0093A158 /* CustomView11.swift in Sources */ = {isa = PBXBuildFile; fileRef = D8A62CDD2C65C90D0093A158 /* CustomView11.swift */; };
		D8A62D052C65C90D0093A158 /* CustomView12.swift in Sources */ = {isa = PBXBuildFile; fileRef = D8A62CDF2C65C90D0093A158 /* CustomView12.swift */; };
		D8A62D062C65C90D0093A158 /* CustomView13.swift in Sources */ = {isa = PBXBuildFile; fileRef = D8A62CE02C65C90D0093A158 /* CustomView13.swift */; };
		D8A62D072C65C90D0093A158 /* CustomView14.swift in Sources */ = {isa = PBXBuildFile; fileRef = D8A62CE12C65C90D0093A158 /* CustomView14.swift */; };
		D8A62D082C65C90D0093A158 /* CustomView15.swift in Sources */ = {isa = PBXBuildFile; fileRef = D8A62CE22C65C90D0093A158 /* CustomView15.swift */; };
		D8A62D092C65C90D0093A158 /* CustomView16.swift in Sources */ = {isa = PBXBuildFile; fileRef = D8A62CE32C65C90D0093A158 /* CustomView16.swift */; };
		D8A62D0A2C65C90D0093A158 /* CustomView6.swift in Sources */ = {isa = PBXBuildFile; fileRef = D8A62CE52C65C90D0093A158 /* CustomView6.swift */; };
		D8A62D0B2C65C90D0093A158 /* CodiaWebImageView.swift in Sources */ = {isa = PBXBuildFile; fileRef = D8A62CE72C65C90D0093A158 /* CodiaWebImageView.swift */; };
		D8A62D0C2C65C90D0093A158 /* CustomView1.swift in Sources */ = {isa = PBXBuildFile; fileRef = D8A62CE82C65C90D0093A158 /* CustomView1.swift */; };
		D8A62D0D2C65C90D0093A158 /* Assets.xcassets in Resources */ = {isa = PBXBuildFile; fileRef = D8A62CEA2C65C90D0093A158 /* Assets.xcassets */; };
		D8A62D0E2C65C90D0093A158 /* ContentView.swift in Sources */ = {isa = PBXBuildFile; fileRef = D8A62CEB2C65C90D0093A158 /* ContentView.swift */; };
		D8A62D0F2C65C90D0093A158 /* psychbase_patientappApp.swift in Sources */ = {isa = PBXBuildFile; fileRef = D8A62CEC2C65C90D0093A158 /* psychbase_patientappApp.swift */; };
		D8BA0A252C65F25E00EE2978 /* SelectedSituationOption.swift in Sources */ = {isa = PBXBuildFile; fileRef = D8BA0A242C65F25E00EE2978 /* SelectedSituationOption.swift */; };
		D8E65B7B2C3FB37E00942DCE /* ActionPlan.swift in Sources */ = {isa = PBXBuildFile; fileRef = D8E65B7A2C3FB37E00942DCE /* ActionPlan.swift */; };
		D8F541522C510B79000C3594 /* ModuleHeader.swift in Sources */ = {isa = PBXBuildFile; fileRef = D8F541512C510B79000C3594 /* ModuleHeader.swift */; };
/* End PBXBuildFile section */

/* Begin PBXContainerItemProxy section */
		D85E09B32C3A8FCD0075759E /* PBXContainerItemProxy */ = {
			isa = PBXContainerItemProxy;
			containerPortal = D85E099A2C3A8FCB0075759E /* Project object */;
			proxyType = 1;
			remoteGlobalIDString = D85E09A12C3A8FCB0075759E;
			remoteInfo = "psychbase-patientapp";
		};
		D85E09BD2C3A8FCD0075759E /* PBXContainerItemProxy */ = {
			isa = PBXContainerItemProxy;
			containerPortal = D85E099A2C3A8FCB0075759E /* Project object */;
			proxyType = 1;
			remoteGlobalIDString = D85E09A12C3A8FCB0075759E;
			remoteInfo = "psychbase-patientapp";
		};
/* End PBXContainerItemProxy section */

/* Begin PBXFileReference section */
		D80A8ECA2C5B9B4D00260B6C /* SituationStep.swift */ = {isa = PBXFileReference; lastKnownFileType = sourcecode.swift; path = SituationStep.swift; sourceTree = "<group>"; };
		D80A8ECC2C5BA48700260B6C /* SituationOption.swift */ = {isa = PBXFileReference; lastKnownFileType = sourcecode.swift; path = SituationOption.swift; sourceTree = "<group>"; };
		D81F5F142C4D0A600028FDA6 /* Assessment.swift */ = {isa = PBXFileReference; lastKnownFileType = sourcecode.swift; path = Assessment.swift; sourceTree = "<group>"; };
		D8599A8B2C3AA0EB00C9E017 /* HomeHeader.swift */ = {isa = PBXFileReference; lastKnownFileType = sourcecode.swift; path = HomeHeader.swift; sourceTree = "<group>"; };
		D8599A8F2C3AB4C900C9E017 /* Home.swift */ = {isa = PBXFileReference; lastKnownFileType = sourcecode.swift; path = Home.swift; sourceTree = "<group>"; };
		D8599A912C3AB58B00C9E017 /* Module.swift */ = {isa = PBXFileReference; lastKnownFileType = sourcecode.swift; path = Module.swift; sourceTree = "<group>"; };
		D85E09A22C3A8FCB0075759E /* psychbase-patientapp.app */ = {isa = PBXFileReference; explicitFileType = wrapper.application; includeInIndex = 0; path = "psychbase-patientapp.app"; sourceTree = BUILT_PRODUCTS_DIR; };
		D85E09A52C3A8FCB0075759E /* psychbase_patientappApp.swift */ = {isa = PBXFileReference; lastKnownFileType = sourcecode.swift; path = psychbase_patientappApp.swift; sourceTree = "<group>"; };
		D85E09A72C3A8FCB0075759E /* ContentView.swift */ = {isa = PBXFileReference; lastKnownFileType = sourcecode.swift; path = ContentView.swift; sourceTree = "<group>"; };
		D85E09A92C3A8FCD0075759E /* Assets.xcassets */ = {isa = PBXFileReference; lastKnownFileType = folder.assetcatalog; path = Assets.xcassets; sourceTree = "<group>"; };
		D85E09AC2C3A8FCD0075759E /* Preview Assets.xcassets */ = {isa = PBXFileReference; lastKnownFileType = folder.assetcatalog; path = "Preview Assets.xcassets"; sourceTree = "<group>"; };
		D85E09B22C3A8FCD0075759E /* psychbase-patientappTests.xctest */ = {isa = PBXFileReference; explicitFileType = wrapper.cfbundle; includeInIndex = 0; path = "psychbase-patientappTests.xctest"; sourceTree = BUILT_PRODUCTS_DIR; };
		D85E09B62C3A8FCD0075759E /* psychbase_patientappTests.swift */ = {isa = PBXFileReference; lastKnownFileType = sourcecode.swift; path = psychbase_patientappTests.swift; sourceTree = "<group>"; };
		D85E09BC2C3A8FCD0075759E /* psychbase-patientappUITests.xctest */ = {isa = PBXFileReference; explicitFileType = wrapper.cfbundle; includeInIndex = 0; path = "psychbase-patientappUITests.xctest"; sourceTree = BUILT_PRODUCTS_DIR; };
		D85E09C02C3A8FCD0075759E /* psychbase_patientappUITests.swift */ = {isa = PBXFileReference; lastKnownFileType = sourcecode.swift; path = psychbase_patientappUITests.swift; sourceTree = "<group>"; };
		D85E09C22C3A8FCD0075759E /* psychbase_patientappUITestsLaunchTests.swift */ = {isa = PBXFileReference; lastKnownFileType = sourcecode.swift; path = psychbase_patientappUITestsLaunchTests.swift; sourceTree = "<group>"; };
		D8712BF32C58DFE300DF9116 /* Doctor.swift */ = {isa = PBXFileReference; lastKnownFileType = sourcecode.swift; path = Doctor.swift; sourceTree = "<group>"; };
		D8712BF52C590D2700DF9116 /* Questionnaire.swift */ = {isa = PBXFileReference; lastKnownFileType = sourcecode.swift; path = Questionnaire.swift; sourceTree = "<group>"; };
		D8712BF72C59114E00DF9116 /* DASSQuestion.swift */ = {isa = PBXFileReference; lastKnownFileType = sourcecode.swift; path = DASSQuestion.swift; sourceTree = "<group>"; };
		D8712BF92C5914F600DF9116 /* RadioButton.swift */ = {isa = PBXFileReference; lastKnownFileType = sourcecode.swift; path = RadioButton.swift; sourceTree = "<group>"; };
		D8712BFB2C59166B00DF9116 /* RadioButtonGroup.swift */ = {isa = PBXFileReference; lastKnownFileType = sourcecode.swift; path = RadioButtonGroup.swift; sourceTree = "<group>"; };
		D8A62CC12C65C90D0093A158 /* ActionPlan.swift */ = {isa = PBXFileReference; fileEncoding = 4; lastKnownFileType = sourcecode.swift; path = ActionPlan.swift; sourceTree = "<group>"; };
		D8A62CC22C65C90D0093A158 /* SituationOption.swift */ = {isa = PBXFileReference; fileEncoding = 4; lastKnownFileType = sourcecode.swift; path = SituationOption.swift; sourceTree = "<group>"; };
		D8A62CC32C65C90D0093A158 /* SituationStep.swift */ = {isa = PBXFileReference; fileEncoding = 4; lastKnownFileType = sourcecode.swift; path = SituationStep.swift; sourceTree = "<group>"; };
		D8A62CC52C65C90D0093A158 /* Assessment.swift */ = {isa = PBXFileReference; fileEncoding = 4; lastKnownFileType = sourcecode.swift; path = Assessment.swift; sourceTree = "<group>"; };
		D8A62CC62C65C90D0093A158 /* DASSQuestion.swift */ = {isa = PBXFileReference; fileEncoding = 4; lastKnownFileType = sourcecode.swift; path = DASSQuestion.swift; sourceTree = "<group>"; };
		D8A62CC72C65C90D0093A158 /* Questionnaire.swift */ = {isa = PBXFileReference; fileEncoding = 4; lastKnownFileType = sourcecode.swift; path = Questionnaire.swift; sourceTree = "<group>"; };
		D8A62CC82C65C90D0093A158 /* RadioButton.swift */ = {isa = PBXFileReference; fileEncoding = 4; lastKnownFileType = sourcecode.swift; path = RadioButton.swift; sourceTree = "<group>"; };
		D8A62CC92C65C90D0093A158 /* RadioButtonGroup.swift */ = {isa = PBXFileReference; fileEncoding = 4; lastKnownFileType = sourcecode.swift; path = RadioButtonGroup.swift; sourceTree = "<group>"; };
		D8A62CCB2C65C90D0093A158 /* Doctor.swift */ = {isa = PBXFileReference; fileEncoding = 4; lastKnownFileType = sourcecode.swift; path = Doctor.swift; sourceTree = "<group>"; };
		D8A62CCC2C65C90D0093A158 /* HomeHeader.swift */ = {isa = PBXFileReference; fileEncoding = 4; lastKnownFileType = sourcecode.swift; path = HomeHeader.swift; sourceTree = "<group>"; };
		D8A62CCD2C65C90D0093A158 /* ModuleHeader.swift */ = {isa = PBXFileReference; fileEncoding = 4; lastKnownFileType = sourcecode.swift; path = ModuleHeader.swift; sourceTree = "<group>"; };
		D8A62CCF2C65C90D0093A158 /* Home.swift */ = {isa = PBXFileReference; fileEncoding = 4; lastKnownFileType = sourcecode.swift; path = Home.swift; sourceTree = "<group>"; };
		D8A62CD02C65C90D0093A158 /* Module.swift */ = {isa = PBXFileReference; fileEncoding = 4; lastKnownFileType = sourcecode.swift; path = Module.swift; sourceTree = "<group>"; };
		D8A62CD22C65C90D0093A158 /* Preview Assets.xcassets */ = {isa = PBXFileReference; lastKnownFileType = folder.assetcatalog; path = "Preview Assets.xcassets"; sourceTree = "<group>"; };
		D8A62CD42C65C90D0093A158 /* CustomView2.swift */ = {isa = PBXFileReference; fileEncoding = 4; lastKnownFileType = sourcecode.swift; path = CustomView2.swift; sourceTree = "<group>"; };
		D8A62CD52C65C90D0093A158 /* CustomView3.swift */ = {isa = PBXFileReference; fileEncoding = 4; lastKnownFileType = sourcecode.swift; path = CustomView3.swift; sourceTree = "<group>"; };
		D8A62CD62C65C90D0093A158 /* CustomView4.swift */ = {isa = PBXFileReference; fileEncoding = 4; lastKnownFileType = sourcecode.swift; path = CustomView4.swift; sourceTree = "<group>"; };
		D8A62CD72C65C90D0093A158 /* CustomView5.swift */ = {isa = PBXFileReference; fileEncoding = 4; lastKnownFileType = sourcecode.swift; path = CustomView5.swift; sourceTree = "<group>"; };
		D8A62CD92C65C90D0093A158 /* CustomView7.swift */ = {isa = PBXFileReference; fileEncoding = 4; lastKnownFileType = sourcecode.swift; path = CustomView7.swift; sourceTree = "<group>"; };
		D8A62CDA2C65C90D0093A158 /* CustomView8.swift */ = {isa = PBXFileReference; fileEncoding = 4; lastKnownFileType = sourcecode.swift; path = CustomView8.swift; sourceTree = "<group>"; };
		D8A62CDB2C65C90D0093A158 /* CustomView9.swift */ = {isa = PBXFileReference; fileEncoding = 4; lastKnownFileType = sourcecode.swift; path = CustomView9.swift; sourceTree = "<group>"; };
		D8A62CDC2C65C90D0093A158 /* CustomView10.swift */ = {isa = PBXFileReference; fileEncoding = 4; lastKnownFileType = sourcecode.swift; path = CustomView10.swift; sourceTree = "<group>"; };
		D8A62CDD2C65C90D0093A158 /* CustomView11.swift */ = {isa = PBXFileReference; fileEncoding = 4; lastKnownFileType = sourcecode.swift; path = CustomView11.swift; sourceTree = "<group>"; };
		D8A62CDF2C65C90D0093A158 /* CustomView12.swift */ = {isa = PBXFileReference; fileEncoding = 4; lastKnownFileType = sourcecode.swift; path = CustomView12.swift; sourceTree = "<group>"; };
		D8A62CE02C65C90D0093A158 /* CustomView13.swift */ = {isa = PBXFileReference; fileEncoding = 4; lastKnownFileType = sourcecode.swift; path = CustomView13.swift; sourceTree = "<group>"; };
		D8A62CE12C65C90D0093A158 /* CustomView14.swift */ = {isa = PBXFileReference; fileEncoding = 4; lastKnownFileType = sourcecode.swift; path = CustomView14.swift; sourceTree = "<group>"; };
		D8A62CE22C65C90D0093A158 /* CustomView15.swift */ = {isa = PBXFileReference; fileEncoding = 4; lastKnownFileType = sourcecode.swift; path = CustomView15.swift; sourceTree = "<group>"; };
		D8A62CE32C65C90D0093A158 /* CustomView16.swift */ = {isa = PBXFileReference; fileEncoding = 4; lastKnownFileType = sourcecode.swift; path = CustomView16.swift; sourceTree = "<group>"; };
		D8A62CE52C65C90D0093A158 /* CustomView6.swift */ = {isa = PBXFileReference; fileEncoding = 4; lastKnownFileType = sourcecode.swift; path = CustomView6.swift; sourceTree = "<group>"; };
		D8A62CE72C65C90D0093A158 /* CodiaWebImageView.swift */ = {isa = PBXFileReference; fileEncoding = 4; lastKnownFileType = sourcecode.swift; path = CodiaWebImageView.swift; sourceTree = "<group>"; };
		D8A62CE82C65C90D0093A158 /* CustomView1.swift */ = {isa = PBXFileReference; fileEncoding = 4; lastKnownFileType = sourcecode.swift; path = CustomView1.swift; sourceTree = "<group>"; };
		D8A62CEA2C65C90D0093A158 /* Assets.xcassets */ = {isa = PBXFileReference; lastKnownFileType = folder.assetcatalog; path = Assets.xcassets; sourceTree = "<group>"; };
		D8A62CEB2C65C90D0093A158 /* ContentView.swift */ = {isa = PBXFileReference; fileEncoding = 4; lastKnownFileType = sourcecode.swift; path = ContentView.swift; sourceTree = "<group>"; };
		D8A62CEC2C65C90D0093A158 /* psychbase_patientappApp.swift */ = {isa = PBXFileReference; fileEncoding = 4; lastKnownFileType = sourcecode.swift; path = psychbase_patientappApp.swift; sourceTree = "<group>"; };
		D8BA0A242C65F25E00EE2978 /* SelectedSituationOption.swift */ = {isa = PBXFileReference; lastKnownFileType = sourcecode.swift; path = SelectedSituationOption.swift; sourceTree = "<group>"; };
		D8E65B7A2C3FB37E00942DCE /* ActionPlan.swift */ = {isa = PBXFileReference; lastKnownFileType = sourcecode.swift; path = ActionPlan.swift; sourceTree = "<group>"; };
		D8F541512C510B79000C3594 /* ModuleHeader.swift */ = {isa = PBXFileReference; lastKnownFileType = sourcecode.swift; path = ModuleHeader.swift; sourceTree = "<group>"; };
/* End PBXFileReference section */

/* Begin PBXFrameworksBuildPhase section */
		D85E099F2C3A8FCB0075759E /* Frameworks */ = {
			isa = PBXFrameworksBuildPhase;
			buildActionMask = 2147483647;
			files = (
			);
			runOnlyForDeploymentPostprocessing = 0;
		};
		D85E09AF2C3A8FCD0075759E /* Frameworks */ = {
			isa = PBXFrameworksBuildPhase;
			buildActionMask = 2147483647;
			files = (
			);
			runOnlyForDeploymentPostprocessing = 0;
		};
		D85E09B92C3A8FCD0075759E /* Frameworks */ = {
			isa = PBXFrameworksBuildPhase;
			buildActionMask = 2147483647;
			files = (
			);
			runOnlyForDeploymentPostprocessing = 0;
		};
/* End PBXFrameworksBuildPhase section */

/* Begin PBXGroup section */
		D81F5F132C4D0A3F0028FDA6 /* assessments */ = {
			isa = PBXGroup;
			children = (
				D81F5F142C4D0A600028FDA6 /* Assessment.swift */,
				D8712BF52C590D2700DF9116 /* Questionnaire.swift */,
				D8712BF72C59114E00DF9116 /* DASSQuestion.swift */,
				D8712BF92C5914F600DF9116 /* RadioButton.swift */,
				D8712BFB2C59166B00DF9116 /* RadioButtonGroup.swift */,
			);
			path = assessments;
			sourceTree = "<group>";
		};
		D81F5F162C4D0F820028FDA6 /* components */ = {
			isa = PBXGroup;
			children = (
				D8599A8B2C3AA0EB00C9E017 /* HomeHeader.swift */,
				D8F541512C510B79000C3594 /* ModuleHeader.swift */,
				D8712BF32C58DFE300DF9116 /* Doctor.swift */,
			);
			path = components;
			sourceTree = "<group>";
		};
		D8599A8E2C3AA15600C9E017 /* home-page */ = {
			isa = PBXGroup;
			children = (
				D8599A8F2C3AB4C900C9E017 /* Home.swift */,
				D8599A912C3AB58B00C9E017 /* Module.swift */,
			);
			path = "home-page";
			sourceTree = "<group>";
		};
		D85E09992C3A8FCB0075759E = {
			isa = PBXGroup;
			children = (
				D85E09A42C3A8FCB0075759E /* psychbase-patientapp */,
				D85E09B52C3A8FCD0075759E /* psychbase-patientappTests */,
				D85E09BF2C3A8FCD0075759E /* psychbase-patientappUITests */,
				D85E09A32C3A8FCB0075759E /* Products */,
			);
			sourceTree = "<group>";
		};
		D85E09A32C3A8FCB0075759E /* Products */ = {
			isa = PBXGroup;
			children = (
				D85E09A22C3A8FCB0075759E /* psychbase-patientapp.app */,
				D85E09B22C3A8FCD0075759E /* psychbase-patientappTests.xctest */,
				D85E09BC2C3A8FCD0075759E /* psychbase-patientappUITests.xctest */,
			);
			name = Products;
			sourceTree = "<group>";
		};
		D85E09A42C3A8FCB0075759E /* psychbase-patientapp */ = {
			isa = PBXGroup;
			children = (
				D81F5F162C4D0F820028FDA6 /* components */,
				D81F5F132C4D0A3F0028FDA6 /* assessments */,
				D8E65B792C3FB36100942DCE /* action-plans */,
				D8599A8E2C3AA15600C9E017 /* home-page */,
				D85E09A52C3A8FCB0075759E /* psychbase_patientappApp.swift */,
				D85E09A72C3A8FCB0075759E /* ContentView.swift */,
				D85E09A92C3A8FCD0075759E /* Assets.xcassets */,
				D8A62CED2C65C90D0093A158 /* psychbase-patientapp */,
				D85E09AB2C3A8FCD0075759E /* Preview Content */,
			);
			path = "psychbase-patientapp";
			sourceTree = "<group>";
		};
		D85E09AB2C3A8FCD0075759E /* Preview Content */ = {
			isa = PBXGroup;
			children = (
				D85E09AC2C3A8FCD0075759E /* Preview Assets.xcassets */,
			);
			path = "Preview Content";
			sourceTree = "<group>";
		};
		D85E09B52C3A8FCD0075759E /* psychbase-patientappTests */ = {
			isa = PBXGroup;
			children = (
				D85E09B62C3A8FCD0075759E /* psychbase_patientappTests.swift */,
			);
			path = "psychbase-patientappTests";
			sourceTree = "<group>";
		};
		D85E09BF2C3A8FCD0075759E /* psychbase-patientappUITests */ = {
			isa = PBXGroup;
			children = (
				D85E09C02C3A8FCD0075759E /* psychbase_patientappUITests.swift */,
				D85E09C22C3A8FCD0075759E /* psychbase_patientappUITestsLaunchTests.swift */,
			);
			path = "psychbase-patientappUITests";
			sourceTree = "<group>";
		};
		D8A62CC42C65C90D0093A158 /* action-plans */ = {
			isa = PBXGroup;
			children = (
				D8A62CC12C65C90D0093A158 /* ActionPlan.swift */,
				D8A62CC22C65C90D0093A158 /* SituationOption.swift */,
				D8A62CC32C65C90D0093A158 /* SituationStep.swift */,
			);
			path = "action-plans";
			sourceTree = "<group>";
		};
		D8A62CCA2C65C90D0093A158 /* assessments */ = {
			isa = PBXGroup;
			children = (
				D8A62CC52C65C90D0093A158 /* Assessment.swift */,
				D8A62CC62C65C90D0093A158 /* DASSQuestion.swift */,
				D8A62CC72C65C90D0093A158 /* Questionnaire.swift */,
				D8A62CC82C65C90D0093A158 /* RadioButton.swift */,
				D8A62CC92C65C90D0093A158 /* RadioButtonGroup.swift */,
			);
			path = assessments;
			sourceTree = "<group>";
		};
		D8A62CCE2C65C90D0093A158 /* components */ = {
			isa = PBXGroup;
			children = (
				D8A62CCB2C65C90D0093A158 /* Doctor.swift */,
				D8A62CCC2C65C90D0093A158 /* HomeHeader.swift */,
				D8A62CCD2C65C90D0093A158 /* ModuleHeader.swift */,
			);
			path = components;
			sourceTree = "<group>";
		};
		D8A62CD12C65C90D0093A158 /* home-page */ = {
			isa = PBXGroup;
			children = (
				D8A62CCF2C65C90D0093A158 /* Home.swift */,
				D8A62CD02C65C90D0093A158 /* Module.swift */,
			);
			path = "home-page";
			sourceTree = "<group>";
		};
		D8A62CD32C65C90D0093A158 /* Preview Content */ = {
			isa = PBXGroup;
			children = (
				D8A62CD22C65C90D0093A158 /* Preview Assets.xcassets */,
			);
			path = "Preview Content";
			sourceTree = "<group>";
		};
		D8A62CD82C65C90D0093A158 /* customView2 */ = {
			isa = PBXGroup;
			children = (
				D8A62CD42C65C90D0093A158 /* CustomView2.swift */,
				D8A62CD52C65C90D0093A158 /* CustomView3.swift */,
				D8A62CD62C65C90D0093A158 /* CustomView4.swift */,
				D8A62CD72C65C90D0093A158 /* CustomView5.swift */,
			);
			path = customView2;
			sourceTree = "<group>";
		};
		D8A62CDE2C65C90D0093A158 /* customView7 */ = {
			isa = PBXGroup;
			children = (
				D8A62CD92C65C90D0093A158 /* CustomView7.swift */,
				D8A62CDA2C65C90D0093A158 /* CustomView8.swift */,
				D8A62CDB2C65C90D0093A158 /* CustomView9.swift */,
				D8A62CDC2C65C90D0093A158 /* CustomView10.swift */,
				D8A62CDD2C65C90D0093A158 /* CustomView11.swift */,
			);
			path = customView7;
			sourceTree = "<group>";
		};
		D8A62CE42C65C90D0093A158 /* customView12 */ = {
			isa = PBXGroup;
			children = (
				D8A62CDF2C65C90D0093A158 /* CustomView12.swift */,
				D8A62CE02C65C90D0093A158 /* CustomView13.swift */,
				D8A62CE12C65C90D0093A158 /* CustomView14.swift */,
				D8A62CE22C65C90D0093A158 /* CustomView15.swift */,
				D8A62CE32C65C90D0093A158 /* CustomView16.swift */,
			);
			path = customView12;
			sourceTree = "<group>";
		};
		D8A62CE62C65C90D0093A158 /* customView6 */ = {
			isa = PBXGroup;
			children = (
				D8A62CDE2C65C90D0093A158 /* customView7 */,
				D8A62CE42C65C90D0093A158 /* customView12 */,
				D8A62CE52C65C90D0093A158 /* CustomView6.swift */,
			);
			path = customView6;
			sourceTree = "<group>";
		};
		D8A62CE92C65C90D0093A158 /* src */ = {
			isa = PBXGroup;
			children = (
				D8A62CD82C65C90D0093A158 /* customView2 */,
				D8A62CE62C65C90D0093A158 /* customView6 */,
				D8A62CE72C65C90D0093A158 /* CodiaWebImageView.swift */,
				D8A62CE82C65C90D0093A158 /* CustomView1.swift */,
			);
			path = src;
			sourceTree = "<group>";
		};
		D8A62CED2C65C90D0093A158 /* psychbase-patientapp */ = {
			isa = PBXGroup;
			children = (
				D8A62CC42C65C90D0093A158 /* action-plans */,
				D8A62CCA2C65C90D0093A158 /* assessments */,
				D8A62CCE2C65C90D0093A158 /* components */,
				D8A62CD12C65C90D0093A158 /* home-page */,
				D8A62CD32C65C90D0093A158 /* Preview Content */,
				D8A62CE92C65C90D0093A158 /* src */,
				D8A62CEA2C65C90D0093A158 /* Assets.xcassets */,
				D8A62CEB2C65C90D0093A158 /* ContentView.swift */,
				D8A62CEC2C65C90D0093A158 /* psychbase_patientappApp.swift */,
			);
			name = "psychbase-patientapp";
			sourceTree = "<group>";
		};
		D8E65B792C3FB36100942DCE /* action-plans */ = {
			isa = PBXGroup;
			children = (
				D8E65B7A2C3FB37E00942DCE /* ActionPlan.swift */,
				D80A8ECA2C5B9B4D00260B6C /* SituationStep.swift */,
				D80A8ECC2C5BA48700260B6C /* SituationOption.swift */,
				D8BA0A242C65F25E00EE2978 /* SelectedSituationOption.swift */,
			);
			path = "action-plans";
			sourceTree = "<group>";
		};
/* End PBXGroup section */

/* Begin PBXNativeTarget section */
		D85E09A12C3A8FCB0075759E /* psychbase-patientapp */ = {
			isa = PBXNativeTarget;
			buildConfigurationList = D85E09C62C3A8FCD0075759E /* Build configuration list for PBXNativeTarget "psychbase-patientapp" */;
			buildPhases = (
				D85E099E2C3A8FCB0075759E /* Sources */,
				D85E099F2C3A8FCB0075759E /* Frameworks */,
				D85E09A02C3A8FCB0075759E /* Resources */,
			);
			buildRules = (
			);
			dependencies = (
			);
			name = "psychbase-patientapp";
			productName = "psychbase-patientapp";
			productReference = D85E09A22C3A8FCB0075759E /* psychbase-patientapp.app */;
			productType = "com.apple.product-type.application";
		};
		D85E09B12C3A8FCD0075759E /* psychbase-patientappTests */ = {
			isa = PBXNativeTarget;
			buildConfigurationList = D85E09C92C3A8FCD0075759E /* Build configuration list for PBXNativeTarget "psychbase-patientappTests" */;
			buildPhases = (
				D85E09AE2C3A8FCD0075759E /* Sources */,
				D85E09AF2C3A8FCD0075759E /* Frameworks */,
				D85E09B02C3A8FCD0075759E /* Resources */,
			);
			buildRules = (
			);
			dependencies = (
				D85E09B42C3A8FCD0075759E /* PBXTargetDependency */,
			);
			name = "psychbase-patientappTests";
			productName = "psychbase-patientappTests";
			productReference = D85E09B22C3A8FCD0075759E /* psychbase-patientappTests.xctest */;
			productType = "com.apple.product-type.bundle.unit-test";
		};
		D85E09BB2C3A8FCD0075759E /* psychbase-patientappUITests */ = {
			isa = PBXNativeTarget;
			buildConfigurationList = D85E09CC2C3A8FCD0075759E /* Build configuration list for PBXNativeTarget "psychbase-patientappUITests" */;
			buildPhases = (
				D85E09B82C3A8FCD0075759E /* Sources */,
				D85E09B92C3A8FCD0075759E /* Frameworks */,
				D85E09BA2C3A8FCD0075759E /* Resources */,
			);
			buildRules = (
			);
			dependencies = (
				D85E09BE2C3A8FCD0075759E /* PBXTargetDependency */,
			);
			name = "psychbase-patientappUITests";
			productName = "psychbase-patientappUITests";
			productReference = D85E09BC2C3A8FCD0075759E /* psychbase-patientappUITests.xctest */;
			productType = "com.apple.product-type.bundle.ui-testing";
		};
/* End PBXNativeTarget section */

/* Begin PBXProject section */
		D85E099A2C3A8FCB0075759E /* Project object */ = {
			isa = PBXProject;
			attributes = {
				BuildIndependentTargetsInParallel = 1;
				LastSwiftUpdateCheck = 1540;
				LastUpgradeCheck = 1540;
				TargetAttributes = {
					D85E09A12C3A8FCB0075759E = {
						CreatedOnToolsVersion = 15.4;
					};
					D85E09B12C3A8FCD0075759E = {
						CreatedOnToolsVersion = 15.4;
						TestTargetID = D85E09A12C3A8FCB0075759E;
					};
					D85E09BB2C3A8FCD0075759E = {
						CreatedOnToolsVersion = 15.4;
						TestTargetID = D85E09A12C3A8FCB0075759E;
					};
				};
			};
			buildConfigurationList = D85E099D2C3A8FCB0075759E /* Build configuration list for PBXProject "psychbase-patientapp" */;
			compatibilityVersion = "Xcode 14.0";
			developmentRegion = en;
			hasScannedForEncodings = 0;
			knownRegions = (
				en,
				Base,
			);
			mainGroup = D85E09992C3A8FCB0075759E;
			productRefGroup = D85E09A32C3A8FCB0075759E /* Products */;
			projectDirPath = "";
			projectRoot = "";
			targets = (
				D85E09A12C3A8FCB0075759E /* psychbase-patientapp */,
				D85E09B12C3A8FCD0075759E /* psychbase-patientappTests */,
				D85E09BB2C3A8FCD0075759E /* psychbase-patientappUITests */,
			);
		};
/* End PBXProject section */

/* Begin PBXResourcesBuildPhase section */
		D85E09A02C3A8FCB0075759E /* Resources */ = {
			isa = PBXResourcesBuildPhase;
			buildActionMask = 2147483647;
			files = (
				D85E09AD2C3A8FCD0075759E /* Preview Assets.xcassets in Resources */,
				D8A62CFB2C65C90D0093A158 /* Preview Assets.xcassets in Resources */,
				D8A62D0D2C65C90D0093A158 /* Assets.xcassets in Resources */,
				D85E09AA2C3A8FCD0075759E /* Assets.xcassets in Resources */,
			);
			runOnlyForDeploymentPostprocessing = 0;
		};
		D85E09B02C3A8FCD0075759E /* Resources */ = {
			isa = PBXResourcesBuildPhase;
			buildActionMask = 2147483647;
			files = (
			);
			runOnlyForDeploymentPostprocessing = 0;
		};
		D85E09BA2C3A8FCD0075759E /* Resources */ = {
			isa = PBXResourcesBuildPhase;
			buildActionMask = 2147483647;
			files = (
			);
			runOnlyForDeploymentPostprocessing = 0;
		};
/* End PBXResourcesBuildPhase section */

/* Begin PBXSourcesBuildPhase section */
		D85E099E2C3A8FCB0075759E /* Sources */ = {
			isa = PBXSourcesBuildPhase;
			buildActionMask = 2147483647;
			files = (
				D8E65B7B2C3FB37E00942DCE /* ActionPlan.swift in Sources */,
				D85E09A82C3A8FCB0075759E /* ContentView.swift in Sources */,
				D8A62CF62C65C90D0093A158 /* Doctor.swift in Sources */,
				D8A62CF02C65C90D0093A158 /* SituationStep.swift in Sources */,
				D80A8ECB2C5B9B4D00260B6C /* SituationStep.swift in Sources */,
				D8599A922C3AB58B00C9E017 /* Module.swift in Sources */,
				D8A62CF82C65C90D0093A158 /* ModuleHeader.swift in Sources */,
				D8A62CEE2C65C90D0093A158 /* ActionPlan.swift in Sources */,
				D80A8ECD2C5BA48700260B6C /* SituationOption.swift in Sources */,
				D8A62D042C65C90D0093A158 /* CustomView11.swift in Sources */,
				D8BA0A252C65F25E00EE2978 /* SelectedSituationOption.swift in Sources */,
				D8A62D022C65C90D0093A158 /* CustomView9.swift in Sources */,
				D8712BFA2C5914F600DF9116 /* RadioButton.swift in Sources */,
				D8A62CF72C65C90D0093A158 /* HomeHeader.swift in Sources */,
				D8A62D0A2C65C90D0093A158 /* CustomView6.swift in Sources */,
				D8A62D0C2C65C90D0093A158 /* CustomView1.swift in Sources */,
				D8F541522C510B79000C3594 /* ModuleHeader.swift in Sources */,
				D8A62CEF2C65C90D0093A158 /* SituationOption.swift in Sources */,
				D8A62D082C65C90D0093A158 /* CustomView15.swift in Sources */,
				D8712BF62C590D2700DF9116 /* Questionnaire.swift in Sources */,
				D8A62D072C65C90D0093A158 /* CustomView14.swift in Sources */,
				D8A62CF42C65C90D0093A158 /* RadioButton.swift in Sources */,
				D8599A902C3AB4C900C9E017 /* Home.swift in Sources */,
				D8A62CF52C65C90D0093A158 /* RadioButtonGroup.swift in Sources */,
				D8712BFC2C59166B00DF9116 /* RadioButtonGroup.swift in Sources */,
				D85E09A62C3A8FCB0075759E /* psychbase_patientappApp.swift in Sources */,
				D8A62D032C65C90D0093A158 /* CustomView10.swift in Sources */,
				D8A62CF12C65C90D0093A158 /* Assessment.swift in Sources */,
				D8A62D062C65C90D0093A158 /* CustomView13.swift in Sources */,
				D8712BF82C59114E00DF9116 /* DASSQuestion.swift in Sources */,
				D8A62CF22C65C90D0093A158 /* DASSQuestion.swift in Sources */,
				D8A62CF92C65C90D0093A158 /* Home.swift in Sources */,
				D8A62D0B2C65C90D0093A158 /* CodiaWebImageView.swift in Sources */,
				D8A62CFF2C65C90D0093A158 /* CustomView5.swift in Sources */,
				D8A62CFC2C65C90D0093A158 /* CustomView2.swift in Sources */,
				D8A62D052C65C90D0093A158 /* CustomView12.swift in Sources */,
				D81F5F152C4D0A600028FDA6 /* Assessment.swift in Sources */,
				D8A62D0F2C65C90D0093A158 /* psychbase_patientappApp.swift in Sources */,
				D8A62D012C65C90D0093A158 /* CustomView8.swift in Sources */,
				D8599A8C2C3AA0EB00C9E017 /* HomeHeader.swift in Sources */,
				D8A62CFE2C65C90D0093A158 /* CustomView4.swift in Sources */,
				D8A62CFA2C65C90D0093A158 /* Module.swift in Sources */,
				D8A62D0E2C65C90D0093A158 /* ContentView.swift in Sources */,
				D8712BF42C58DFE300DF9116 /* Doctor.swift in Sources */,
				D8A62D092C65C90D0093A158 /* CustomView16.swift in Sources */,
				D8A62CF32C65C90D0093A158 /* Questionnaire.swift in Sources */,
				D8A62CFD2C65C90D0093A158 /* CustomView3.swift in Sources */,
				D8A62D002C65C90D0093A158 /* CustomView7.swift in Sources */,
			);
			runOnlyForDeploymentPostprocessing = 0;
		};
		D85E09AE2C3A8FCD0075759E /* Sources */ = {
			isa = PBXSourcesBuildPhase;
			buildActionMask = 2147483647;
			files = (
				D85E09B72C3A8FCD0075759E /* psychbase_patientappTests.swift in Sources */,
			);
			runOnlyForDeploymentPostprocessing = 0;
		};
		D85E09B82C3A8FCD0075759E /* Sources */ = {
			isa = PBXSourcesBuildPhase;
			buildActionMask = 2147483647;
			files = (
				D85E09C12C3A8FCD0075759E /* psychbase_patientappUITests.swift in Sources */,
				D85E09C32C3A8FCD0075759E /* psychbase_patientappUITestsLaunchTests.swift in Sources */,
			);
			runOnlyForDeploymentPostprocessing = 0;
		};
/* End PBXSourcesBuildPhase section */

/* Begin PBXTargetDependency section */
		D85E09B42C3A8FCD0075759E /* PBXTargetDependency */ = {
			isa = PBXTargetDependency;
			target = D85E09A12C3A8FCB0075759E /* psychbase-patientapp */;
			targetProxy = D85E09B32C3A8FCD0075759E /* PBXContainerItemProxy */;
		};
		D85E09BE2C3A8FCD0075759E /* PBXTargetDependency */ = {
			isa = PBXTargetDependency;
			target = D85E09A12C3A8FCB0075759E /* psychbase-patientapp */;
			targetProxy = D85E09BD2C3A8FCD0075759E /* PBXContainerItemProxy */;
		};
/* End PBXTargetDependency section */

/* Begin XCBuildConfiguration section */
		D85E09C42C3A8FCD0075759E /* Debug */ = {
			isa = XCBuildConfiguration;
			buildSettings = {
				ALWAYS_SEARCH_USER_PATHS = NO;
				ASSETCATALOG_COMPILER_GENERATE_SWIFT_ASSET_SYMBOL_EXTENSIONS = YES;
				CLANG_ANALYZER_NONNULL = YES;
				CLANG_ANALYZER_NUMBER_OBJECT_CONVERSION = YES_AGGRESSIVE;
				CLANG_CXX_LANGUAGE_STANDARD = "gnu++20";
				CLANG_ENABLE_MODULES = YES;
				CLANG_ENABLE_OBJC_ARC = YES;
				CLANG_ENABLE_OBJC_WEAK = YES;
				CLANG_WARN_BLOCK_CAPTURE_AUTORELEASING = YES;
				CLANG_WARN_BOOL_CONVERSION = YES;
				CLANG_WARN_COMMA = YES;
				CLANG_WARN_CONSTANT_CONVERSION = YES;
				CLANG_WARN_DEPRECATED_OBJC_IMPLEMENTATIONS = YES;
				CLANG_WARN_DIRECT_OBJC_ISA_USAGE = YES_ERROR;
				CLANG_WARN_DOCUMENTATION_COMMENTS = YES;
				CLANG_WARN_EMPTY_BODY = YES;
				CLANG_WARN_ENUM_CONVERSION = YES;
				CLANG_WARN_INFINITE_RECURSION = YES;
				CLANG_WARN_INT_CONVERSION = YES;
				CLANG_WARN_NON_LITERAL_NULL_CONVERSION = YES;
				CLANG_WARN_OBJC_IMPLICIT_RETAIN_SELF = YES;
				CLANG_WARN_OBJC_LITERAL_CONVERSION = YES;
				CLANG_WARN_OBJC_ROOT_CLASS = YES_ERROR;
				CLANG_WARN_QUOTED_INCLUDE_IN_FRAMEWORK_HEADER = YES;
				CLANG_WARN_RANGE_LOOP_ANALYSIS = YES;
				CLANG_WARN_STRICT_PROTOTYPES = YES;
				CLANG_WARN_SUSPICIOUS_MOVE = YES;
				CLANG_WARN_UNGUARDED_AVAILABILITY = YES_AGGRESSIVE;
				CLANG_WARN_UNREACHABLE_CODE = YES;
				CLANG_WARN__DUPLICATE_METHOD_MATCH = YES;
				COPY_PHASE_STRIP = NO;
				DEBUG_INFORMATION_FORMAT = dwarf;
				ENABLE_STRICT_OBJC_MSGSEND = YES;
				ENABLE_TESTABILITY = YES;
				ENABLE_USER_SCRIPT_SANDBOXING = YES;
				GCC_C_LANGUAGE_STANDARD = gnu17;
				GCC_DYNAMIC_NO_PIC = NO;
				GCC_NO_COMMON_BLOCKS = YES;
				GCC_OPTIMIZATION_LEVEL = 0;
				GCC_PREPROCESSOR_DEFINITIONS = (
					"DEBUG=1",
					"$(inherited)",
				);
				GCC_WARN_64_TO_32_BIT_CONVERSION = YES;
				GCC_WARN_ABOUT_RETURN_TYPE = YES_ERROR;
				GCC_WARN_UNDECLARED_SELECTOR = YES;
				GCC_WARN_UNINITIALIZED_AUTOS = YES_AGGRESSIVE;
				GCC_WARN_UNUSED_FUNCTION = YES;
				GCC_WARN_UNUSED_VARIABLE = YES;
				IPHONEOS_DEPLOYMENT_TARGET = 17.5;
				LOCALIZATION_PREFERS_STRING_CATALOGS = YES;
				MTL_ENABLE_DEBUG_INFO = INCLUDE_SOURCE;
				MTL_FAST_MATH = YES;
				ONLY_ACTIVE_ARCH = YES;
				SDKROOT = iphoneos;
				SWIFT_ACTIVE_COMPILATION_CONDITIONS = "DEBUG $(inherited)";
				SWIFT_OPTIMIZATION_LEVEL = "-Onone";
			};
			name = Debug;
		};
		D85E09C52C3A8FCD0075759E /* Release */ = {
			isa = XCBuildConfiguration;
			buildSettings = {
				ALWAYS_SEARCH_USER_PATHS = NO;
				ASSETCATALOG_COMPILER_GENERATE_SWIFT_ASSET_SYMBOL_EXTENSIONS = YES;
				CLANG_ANALYZER_NONNULL = YES;
				CLANG_ANALYZER_NUMBER_OBJECT_CONVERSION = YES_AGGRESSIVE;
				CLANG_CXX_LANGUAGE_STANDARD = "gnu++20";
				CLANG_ENABLE_MODULES = YES;
				CLANG_ENABLE_OBJC_ARC = YES;
				CLANG_ENABLE_OBJC_WEAK = YES;
				CLANG_WARN_BLOCK_CAPTURE_AUTORELEASING = YES;
				CLANG_WARN_BOOL_CONVERSION = YES;
				CLANG_WARN_COMMA = YES;
				CLANG_WARN_CONSTANT_CONVERSION = YES;
				CLANG_WARN_DEPRECATED_OBJC_IMPLEMENTATIONS = YES;
				CLANG_WARN_DIRECT_OBJC_ISA_USAGE = YES_ERROR;
				CLANG_WARN_DOCUMENTATION_COMMENTS = YES;
				CLANG_WARN_EMPTY_BODY = YES;
				CLANG_WARN_ENUM_CONVERSION = YES;
				CLANG_WARN_INFINITE_RECURSION = YES;
				CLANG_WARN_INT_CONVERSION = YES;
				CLANG_WARN_NON_LITERAL_NULL_CONVERSION = YES;
				CLANG_WARN_OBJC_IMPLICIT_RETAIN_SELF = YES;
				CLANG_WARN_OBJC_LITERAL_CONVERSION = YES;
				CLANG_WARN_OBJC_ROOT_CLASS = YES_ERROR;
				CLANG_WARN_QUOTED_INCLUDE_IN_FRAMEWORK_HEADER = YES;
				CLANG_WARN_RANGE_LOOP_ANALYSIS = YES;
				CLANG_WARN_STRICT_PROTOTYPES = YES;
				CLANG_WARN_SUSPICIOUS_MOVE = YES;
				CLANG_WARN_UNGUARDED_AVAILABILITY = YES_AGGRESSIVE;
				CLANG_WARN_UNREACHABLE_CODE = YES;
				CLANG_WARN__DUPLICATE_METHOD_MATCH = YES;
				COPY_PHASE_STRIP = NO;
				DEBUG_INFORMATION_FORMAT = "dwarf-with-dsym";
				ENABLE_NS_ASSERTIONS = NO;
				ENABLE_STRICT_OBJC_MSGSEND = YES;
				ENABLE_USER_SCRIPT_SANDBOXING = YES;
				GCC_C_LANGUAGE_STANDARD = gnu17;
				GCC_NO_COMMON_BLOCKS = YES;
				GCC_WARN_64_TO_32_BIT_CONVERSION = YES;
				GCC_WARN_ABOUT_RETURN_TYPE = YES_ERROR;
				GCC_WARN_UNDECLARED_SELECTOR = YES;
				GCC_WARN_UNINITIALIZED_AUTOS = YES_AGGRESSIVE;
				GCC_WARN_UNUSED_FUNCTION = YES;
				GCC_WARN_UNUSED_VARIABLE = YES;
				IPHONEOS_DEPLOYMENT_TARGET = 17.5;
				LOCALIZATION_PREFERS_STRING_CATALOGS = YES;
				MTL_ENABLE_DEBUG_INFO = NO;
				MTL_FAST_MATH = YES;
				SDKROOT = iphoneos;
				SWIFT_COMPILATION_MODE = wholemodule;
				VALIDATE_PRODUCT = YES;
			};
			name = Release;
		};
		D85E09C72C3A8FCD0075759E /* Debug */ = {
			isa = XCBuildConfiguration;
			buildSettings = {
				ASSETCATALOG_COMPILER_APPICON_NAME = AppIcon;
				ASSETCATALOG_COMPILER_GLOBAL_ACCENT_COLOR_NAME = AccentColor;
				CODE_SIGN_STYLE = Automatic;
				CURRENT_PROJECT_VERSION = 1;
				DEVELOPMENT_ASSET_PATHS = "\"psychbase-patientapp/Preview Content\"";
				DEVELOPMENT_TEAM = M33RBDC882;
				ENABLE_PREVIEWS = YES;
				GENERATE_INFOPLIST_FILE = YES;
				INFOPLIST_KEY_CFBundleDisplayName = PsychBase;
				INFOPLIST_KEY_LSApplicationCategoryType = "public.app-category.healthcare-fitness";
				INFOPLIST_KEY_UIApplicationSceneManifest_Generation = YES;
				INFOPLIST_KEY_UIApplicationSupportsIndirectInputEvents = YES;
				INFOPLIST_KEY_UILaunchScreen_Generation = YES;
				INFOPLIST_KEY_UIStatusBarStyle = "";
				INFOPLIST_KEY_UISupportedInterfaceOrientations = "UIInterfaceOrientationLandscapeLeft UIInterfaceOrientationLandscapeRight UIInterfaceOrientationPortrait UIInterfaceOrientationPortraitUpsideDown";
				LD_RUNPATH_SEARCH_PATHS = (
					"$(inherited)",
					"@executable_path/Frameworks",
				);
				MARKETING_VERSION = 1.0;
				PRODUCT_BUNDLE_IDENTIFIER = "sparrow-healthtech.psychbase-patientapp";
				PRODUCT_NAME = "$(TARGET_NAME)";
				SUPPORTED_PLATFORMS = "iphoneos iphonesimulator";
				SUPPORTS_MACCATALYST = NO;
				SUPPORTS_MAC_DESIGNED_FOR_IPHONE_IPAD = NO;
				SUPPORTS_XR_DESIGNED_FOR_IPHONE_IPAD = NO;
				SWIFT_EMIT_LOC_STRINGS = YES;
				SWIFT_VERSION = 5.0;
				TARGETED_DEVICE_FAMILY = 1;
			};
			name = Debug;
		};
		D85E09C82C3A8FCD0075759E /* Release */ = {
			isa = XCBuildConfiguration;
			buildSettings = {
				ASSETCATALOG_COMPILER_APPICON_NAME = AppIcon;
				ASSETCATALOG_COMPILER_GLOBAL_ACCENT_COLOR_NAME = AccentColor;
				CODE_SIGN_STYLE = Automatic;
				CURRENT_PROJECT_VERSION = 1;
				DEVELOPMENT_ASSET_PATHS = "\"psychbase-patientapp/Preview Content\"";
				DEVELOPMENT_TEAM = M33RBDC882;
				ENABLE_PREVIEWS = YES;
				GENERATE_INFOPLIST_FILE = YES;
				INFOPLIST_KEY_CFBundleDisplayName = PsychBase;
				INFOPLIST_KEY_LSApplicationCategoryType = "public.app-category.healthcare-fitness";
				INFOPLIST_KEY_UIApplicationSceneManifest_Generation = YES;
				INFOPLIST_KEY_UIApplicationSupportsIndirectInputEvents = YES;
				INFOPLIST_KEY_UILaunchScreen_Generation = YES;
				INFOPLIST_KEY_UIStatusBarStyle = "";
				INFOPLIST_KEY_UISupportedInterfaceOrientations = "UIInterfaceOrientationLandscapeLeft UIInterfaceOrientationLandscapeRight UIInterfaceOrientationPortrait UIInterfaceOrientationPortraitUpsideDown";
				LD_RUNPATH_SEARCH_PATHS = (
					"$(inherited)",
					"@executable_path/Frameworks",
				);
				MARKETING_VERSION = 1.0;
				PRODUCT_BUNDLE_IDENTIFIER = "sparrow-healthtech.psychbase-patientapp";
				PRODUCT_NAME = "$(TARGET_NAME)";
				SUPPORTED_PLATFORMS = "iphoneos iphonesimulator";
				SUPPORTS_MACCATALYST = NO;
				SUPPORTS_MAC_DESIGNED_FOR_IPHONE_IPAD = NO;
				SUPPORTS_XR_DESIGNED_FOR_IPHONE_IPAD = NO;
				SWIFT_EMIT_LOC_STRINGS = YES;
				SWIFT_VERSION = 5.0;
				TARGETED_DEVICE_FAMILY = 1;
			};
			name = Release;
		};
		D85E09CA2C3A8FCD0075759E /* Debug */ = {
			isa = XCBuildConfiguration;
			buildSettings = {
				ALWAYS_EMBED_SWIFT_STANDARD_LIBRARIES = YES;
				BUNDLE_LOADER = "$(TEST_HOST)";
				CODE_SIGN_STYLE = Automatic;
				CURRENT_PROJECT_VERSION = 1;
				DEVELOPMENT_TEAM = M33RBDC882;
				GENERATE_INFOPLIST_FILE = YES;
				IPHONEOS_DEPLOYMENT_TARGET = 17.5;
				MARKETING_VERSION = 1.0;
				PRODUCT_BUNDLE_IDENTIFIER = "sparrow-healthtech.psychbase-patientappTests";
				PRODUCT_NAME = "$(TARGET_NAME)";
				SWIFT_EMIT_LOC_STRINGS = NO;
				SWIFT_VERSION = 5.0;
				TARGETED_DEVICE_FAMILY = "1,2";
				TEST_HOST = "$(BUILT_PRODUCTS_DIR)/psychbase-patientapp.app/$(BUNDLE_EXECUTABLE_FOLDER_PATH)/psychbase-patientapp";
			};
			name = Debug;
		};
		D85E09CB2C3A8FCD0075759E /* Release */ = {
			isa = XCBuildConfiguration;
			buildSettings = {
				ALWAYS_EMBED_SWIFT_STANDARD_LIBRARIES = YES;
				BUNDLE_LOADER = "$(TEST_HOST)";
				CODE_SIGN_STYLE = Automatic;
				CURRENT_PROJECT_VERSION = 1;
				DEVELOPMENT_TEAM = M33RBDC882;
				GENERATE_INFOPLIST_FILE = YES;
				IPHONEOS_DEPLOYMENT_TARGET = 17.5;
				MARKETING_VERSION = 1.0;
				PRODUCT_BUNDLE_IDENTIFIER = "sparrow-healthtech.psychbase-patientappTests";
				PRODUCT_NAME = "$(TARGET_NAME)";
				SWIFT_EMIT_LOC_STRINGS = NO;
				SWIFT_VERSION = 5.0;
				TARGETED_DEVICE_FAMILY = "1,2";
				TEST_HOST = "$(BUILT_PRODUCTS_DIR)/psychbase-patientapp.app/$(BUNDLE_EXECUTABLE_FOLDER_PATH)/psychbase-patientapp";
			};
			name = Release;
		};
		D85E09CD2C3A8FCD0075759E /* Debug */ = {
			isa = XCBuildConfiguration;
			buildSettings = {
				ALWAYS_EMBED_SWIFT_STANDARD_LIBRARIES = YES;
				CODE_SIGN_STYLE = Automatic;
				CURRENT_PROJECT_VERSION = 1;
				DEVELOPMENT_TEAM = M33RBDC882;
				GENERATE_INFOPLIST_FILE = YES;
				MARKETING_VERSION = 1.0;
				PRODUCT_BUNDLE_IDENTIFIER = "sparrow-healthtech.psychbase-patientappUITests";
				PRODUCT_NAME = "$(TARGET_NAME)";
				SWIFT_EMIT_LOC_STRINGS = NO;
				SWIFT_VERSION = 5.0;
				TARGETED_DEVICE_FAMILY = "1,2";
				TEST_TARGET_NAME = "psychbase-patientapp";
			};
			name = Debug;
		};
		D85E09CE2C3A8FCD0075759E /* Release */ = {
			isa = XCBuildConfiguration;
			buildSettings = {
				ALWAYS_EMBED_SWIFT_STANDARD_LIBRARIES = YES;
				CODE_SIGN_STYLE = Automatic;
				CURRENT_PROJECT_VERSION = 1;
				DEVELOPMENT_TEAM = M33RBDC882;
				GENERATE_INFOPLIST_FILE = YES;
				MARKETING_VERSION = 1.0;
				PRODUCT_BUNDLE_IDENTIFIER = "sparrow-healthtech.psychbase-patientappUITests";
				PRODUCT_NAME = "$(TARGET_NAME)";
				SWIFT_EMIT_LOC_STRINGS = NO;
				SWIFT_VERSION = 5.0;
				TARGETED_DEVICE_FAMILY = "1,2";
				TEST_TARGET_NAME = "psychbase-patientapp";
			};
			name = Release;
		};
/* End XCBuildConfiguration section */

/* Begin XCConfigurationList section */
		D85E099D2C3A8FCB0075759E /* Build configuration list for PBXProject "psychbase-patientapp" */ = {
			isa = XCConfigurationList;
			buildConfigurations = (
				D85E09C42C3A8FCD0075759E /* Debug */,
				D85E09C52C3A8FCD0075759E /* Release */,
			);
			defaultConfigurationIsVisible = 0;
			defaultConfigurationName = Release;
		};
		D85E09C62C3A8FCD0075759E /* Build configuration list for PBXNativeTarget "psychbase-patientapp" */ = {
			isa = XCConfigurationList;
			buildConfigurations = (
				D85E09C72C3A8FCD0075759E /* Debug */,
				D85E09C82C3A8FCD0075759E /* Release */,
			);
			defaultConfigurationIsVisible = 0;
			defaultConfigurationName = Release;
		};
		D85E09C92C3A8FCD0075759E /* Build configuration list for PBXNativeTarget "psychbase-patientappTests" */ = {
			isa = XCConfigurationList;
			buildConfigurations = (
				D85E09CA2C3A8FCD0075759E /* Debug */,
				D85E09CB2C3A8FCD0075759E /* Release */,
			);
			defaultConfigurationIsVisible = 0;
			defaultConfigurationName = Release;
		};
		D85E09CC2C3A8FCD0075759E /* Build configuration list for PBXNativeTarget "psychbase-patientappUITests" */ = {
			isa = XCConfigurationList;
			buildConfigurations = (
				D85E09CD2C3A8FCD0075759E /* Debug */,
				D85E09CE2C3A8FCD0075759E /* Release */,
			);
			defaultConfigurationIsVisible = 0;
			defaultConfigurationName = Release;
		};
/* End XCConfigurationList section */
	};
	rootObject = D85E099A2C3A8FCB0075759E /* Project object */;
}
